
Microsoft Visual Studio Solution File, Format Version 12.00
# Visual Studio Version 17
VisualStudioVersion = 17.14.36408.4 d17.14
MinimumVisualStudioVersion = 10.0.40219.1
Project("{FAE04EC0-301F-11D3-BF4B-00C04F79EFBC}") = "BinaryCode", "BinaryCode\BinaryCode.csproj", "{F6AE91B3-0D26-4FEE-96DE-749C332511C1}"
EndProject
Global
	GlobalSection(SolutionConfigurationPlatforms) = preSolution
		Debug|Any CPU = Debug|Any CPU
		Release|Any CPU = Release|Any CPU
	EndGlobalSection
	GlobalSection(ProjectConfigurationPlatforms) = postSolution
		{F6AE91B3-0D26-4FEE-96DE-749C332511C1}.Debug|Any CPU.ActiveCfg = Debug|Any CPU
		{F6AE91B3-0D26-4FEE-96DE-749C332511C1}.Debug|Any CPU.Build.0 = Debug|Any CPU
		{F6AE91B3-0D26-4FEE-96DE-749C332511C1}.Release|Any CPU.ActiveCfg = Release|Any CPU
		{F6AE91B3-0D26-4FEE-96DE-749C332511C1}.Release|Any CPU.Build.0 = Release|Any CPU
	EndGlobalSection
	GlobalSection(SolutionProperties) = preSolution
		HideSolutionNode = FALSE
	EndGlobalSection
	GlobalSection(ExtensibilityGlobals) = postSolution
		SolutionGuid = {6D1C2B64-0EB9-4917-B36D-FB6722643584}
	EndGlobalSection
EndGlobal
